
Microsoft Visual Studio Solution File, Format Version 12.00
# Visual Studio Version 17
VisualStudioVersion = 17.6.33723.286
MinimumVisualStudioVersion = 10.0.40219.1
Project("{9A19103F-16F7-4668-BE54-9A1E7A4F7556}") = "WebArg.Web", "WebArg.Web\WebArg.Web.csproj", "{B0F7F7FB-C940-48BB-AFF7-030BFD426775}"
EndProject
Project("{9A19103F-16F7-4668-BE54-9A1E7A4F7556}") = "WebArg.Storage", "WebArg.Storage\WebArg.Storage.csproj", "{2865090B-E53C-4422-8F76-E945615125CF}"
EndProject
Project("{9A19103F-16F7-4668-BE54-9A1E7A4F7556}") = "WebArg.Logic", "WebArg.Logic\WebArg.Logic.csproj", "{9E580FA4-0DE7-4F75-AA5F-F876C3F2C342}"
EndProject
Project("{9A19103F-16F7-4668-BE54-9A1E7A4F7556}") = "WebArg.Storage.MS_SQL", "WebArg.Storage.MS_SQL\WebArg.Storage.MS_SQL.csproj", "{56F5AE0A-1A8B-45DB-B9FC-3DF18FFC33E7}"
EndProject
Project("{2150E333-8FDC-42A3-9474-1A3956D46DE8}") = "Solution Items", "Solution Items", "{70D0CD81-4D6F-4616-A489-AB6CD6C22937}"
	ProjectSection(SolutionItems) = preProject
		.gitattributes = .gitattributes
		.gitignore = .gitignore
		build.settings.props = build.settings.props
		ReadmeGeneration.props = ReadmeGeneration.props
	EndProjectSection
EndProject
Project("{FAE04EC0-301F-11D3-BF4B-00C04F79EFBC}") = "WebArg.Web.Common", "WebArg.Web.Common\WebArg.Web.Common.csproj", "{134E4D1A-8E54-4F59-87A2-8985E3C6C178}"
EndProject
Global
	GlobalSection(SolutionConfigurationPlatforms) = preSolution
		Debug|Any CPU = Debug|Any CPU
		Release|Any CPU = Release|Any CPU
	EndGlobalSection
	GlobalSection(ProjectConfigurationPlatforms) = postSolution
		{B0F7F7FB-C940-48BB-AFF7-030BFD426775}.Debug|Any CPU.ActiveCfg = Debug|Any CPU
		{B0F7F7FB-C940-48BB-AFF7-030BFD426775}.Debug|Any CPU.Build.0 = Debug|Any CPU
		{B0F7F7FB-C940-48BB-AFF7-030BFD426775}.Release|Any CPU.ActiveCfg = Release|Any CPU
		{B0F7F7FB-C940-48BB-AFF7-030BFD426775}.Release|Any CPU.Build.0 = Release|Any CPU
		{2865090B-E53C-4422-8F76-E945615125CF}.Debug|Any CPU.ActiveCfg = Debug|Any CPU
		{2865090B-E53C-4422-8F76-E945615125CF}.Debug|Any CPU.Build.0 = Debug|Any CPU
		{2865090B-E53C-4422-8F76-E945615125CF}.Release|Any CPU.ActiveCfg = Release|Any CPU
		{2865090B-E53C-4422-8F76-E945615125CF}.Release|Any CPU.Build.0 = Release|Any CPU
		{9E580FA4-0DE7-4F75-AA5F-F876C3F2C342}.Debug|Any CPU.ActiveCfg = Debug|Any CPU
		{9E580FA4-0DE7-4F75-AA5F-F876C3F2C342}.Debug|Any CPU.Build.0 = Debug|Any CPU
		{9E580FA4-0DE7-4F75-AA5F-F876C3F2C342}.Release|Any CPU.ActiveCfg = Release|Any CPU
		{9E580FA4-0DE7-4F75-AA5F-F876C3F2C342}.Release|Any CPU.Build.0 = Release|Any CPU
		{56F5AE0A-1A8B-45DB-B9FC-3DF18FFC33E7}.Debug|Any CPU.ActiveCfg = Debug|Any CPU
		{56F5AE0A-1A8B-45DB-B9FC-3DF18FFC33E7}.Debug|Any CPU.Build.0 = Debug|Any CPU
		{56F5AE0A-1A8B-45DB-B9FC-3DF18FFC33E7}.Release|Any CPU.ActiveCfg = Release|Any CPU
		{56F5AE0A-1A8B-45DB-B9FC-3DF18FFC33E7}.Release|Any CPU.Build.0 = Release|Any CPU
		{134E4D1A-8E54-4F59-87A2-8985E3C6C178}.Debug|Any CPU.ActiveCfg = Debug|Any CPU
		{134E4D1A-8E54-4F59-87A2-8985E3C6C178}.Debug|Any CPU.Build.0 = Debug|Any CPU
		{134E4D1A-8E54-4F59-87A2-8985E3C6C178}.Release|Any CPU.ActiveCfg = Release|Any CPU
		{134E4D1A-8E54-4F59-87A2-8985E3C6C178}.Release|Any CPU.Build.0 = Release|Any CPU
	EndGlobalSection
	GlobalSection(SolutionProperties) = preSolution
		HideSolutionNode = FALSE
	EndGlobalSection
	GlobalSection(ExtensibilityGlobals) = postSolution
		SolutionGuid = {DBE26AD0-3D7B-42B8-BAC5-684D1077E45D}
	EndGlobalSection
EndGlobal
